
Microsoft Visual Studio Solution File, Format Version 12.00
# Visual Studio 15
VisualStudioVersion = 15.0.28307.329
MinimumVisualStudioVersion = 10.0.40219.1
Project("{FAE04EC0-301F-11D3-BF4B-00C04F79EFBC}") = "Proyecto Banco", "Proyecto Banco\Proyecto Banco.csproj", "{B5B35C17-DE90-44C9-A150-410C45870CAA}"
EndProject
Global
	GlobalSection(SolutionConfigurationPlatforms) = preSolution
		Debug|Any CPU = Debug|Any CPU
		Release|Any CPU = Release|Any CPU
	EndGlobalSection
	GlobalSection(ProjectConfigurationPlatforms) = postSolution
		{B5B35C17-DE90-44C9-A150-410C45870CAA}.Debug|Any CPU.ActiveCfg = Debug|Any CPU
		{B5B35C17-DE90-44C9-A150-410C45870CAA}.Debug|Any CPU.Build.0 = Debug|Any CPU
		{B5B35C17-DE90-44C9-A150-410C45870CAA}.Release|Any CPU.ActiveCfg = Release|Any CPU
		{B5B35C17-DE90-44C9-A150-410C45870CAA}.Release|Any CPU.Build.0 = Release|Any CPU
	EndGlobalSection
	GlobalSection(SolutionProperties) = preSolution
		HideSolutionNode = FALSE
	EndGlobalSection
	GlobalSection(ExtensibilityGlobals) = postSolution
		SolutionGuid = {0FA49ECB-3CCE-4306-9E95-763035E496EA}
	EndGlobalSection
EndGlobal
